<?xml version="1.0" encoding="utf-8"?>
<Project ToolsVersion="4.0" xmlns="http://schemas.microsoft.com/developer/msbuild/2003">
  <ItemGroup>
    <Filter Include="Source Files">
      <UniqueIdentifier>{4FC737F1-C7A5-4376-A066-2A32D752A2FF}</UniqueIdentifier>
      <Extensions>cpp;c;cc;cxx;def;odl;idl;hpj;bat;asm;asmx</Extensions>
    </Filter>
    <Filter Include="Header Files">
      <UniqueIdentifier>{93995380-89BD-4b04-88EB-625FBE52EBFB}</UniqueIdentifier>
      <Extensions>h;hh;hpp;hxx;hm;inl;inc;xsd</Extensions>
    </Filter>
    <Filter Include="Resource Files">
      <UniqueIdentifier>{67DA6AB6-F800-4c08-8B7A-83BB121AAD01}</UniqueIdentifier>
      <Extensions>rc;ico;cur;bmp;dlg;rc2;rct;bin;rgs;gif;jpg;jpeg;jpe;resx;tiff;tif;png;wav;mfcribbon-ms</Extensions>
    </Filter>
    <Filter Include="Header Files\Model">
      <UniqueIdentifier>{9ef3562e-8613-4ad5-98e4-93a7f3c34c08}</UniqueIdentifier>
    </Filter>
    <Filter Include="Header Files\Controller">
      <UniqueIdentifier>{3105fa73-5c35-473d-932f-e82d966532e3}</UniqueIdentifier>
    </Filter>
    <Filter Include="Header Files\Utils">
      <UniqueIdentifier>{d8471893-d5e0-416b-a69a-ddc1d4699eb5}</UniqueIdentifier>
    </Filter>
    <Filter Include="Header Files\View">
      <UniqueIdentifier>{1533d1ed-e5eb-4635-825c-36a112ca0e8d}</UniqueIdentifier>
    </Filter>
  </ItemGroup>
  <ItemGroup>
    <ClInclude Include="Renderer.hh">
      <Filter>Header Files\View</Filter>
    </ClInclude>
    <ClInclude Include="Window.hh">
      <Filter>Header Files\View</Filter>
    </ClInclude>
    <ClInclude Include="GameEngine.hh">
      <Filter>Header Files\Controller</Filter>
    </ClInclude>
    <ClInclude Include="Init.hh">
      <Filter>Header Files\Utils</Filter>
    </ClInclude>
    <ClInclude Include="Sprite.hh">
      <Filter>Header Files\Model</Filter>
    </ClInclude>
    <ClInclude Include="InputManager.hh">
      <Filter>Header Files\Controller</Filter>
    </ClInclude>
    <ClInclude Include="Scene.hh">
      <Filter>Header Files\Model</Filter>
    </ClInclude>
    <ClInclude Include="ID.hh">
      <Filter>Header Files\Model</Filter>
    </ClInclude>
    <ClInclude Include="Mob.hh">
      <Filter>Header Files\Model</Filter>
    </ClInclude>
    <ClInclude Include="configXML.hh">
      <Filter>Header Files\Utils</Filter>
    </ClInclude>
    <ClInclude Include="SpaceShip.hh">
      <Filter>Header Files\Model</Filter>
    </ClInclude>
    <ClInclude Include="Ranking.hh">
      <Filter>Header Files\Model</Filter>
    </ClInclude>
    <ClInclude Include="Bullet2.hh">
      <Filter>Header Files\Model</Filter>
    </ClInclude>
    <ClInclude Include="Ranking 2.h">
      <Filter>Header Files\Model</Filter>
    </ClInclude>
    <ClInclude Include="UFOBullet.h">
      <Filter>Header Files\Model</Filter>
    </ClInclude>
  </ItemGroup>
  <ItemGroup>
    <ClCompile Include="Asteroids_ToniFerrari_Jaume_Company.cpp">
      <Filter>Source Files</Filter>
    </ClCompile>
  </ItemGroup>
</Project>